
Microsoft Visual Studio Solution File, Format Version 12.00
# Visual Studio 2013
VisualStudioVersion = 12.0.21005.1
MinimumVisualStudioVersion = 10.0.40219.1
Project("{8BC9CEB8-8B4A-11D0-8D11-00A0C91BC942}") = "test31", "test31\test31.vcxproj", "{C9F6F8DA-3136-4797-9DBF-516599E9181F}"
EndProject
Global
	GlobalSection(SolutionConfigurationPlatforms) = preSolution
		Debug|Win32 = Debug|Win32
		Release|Win32 = Release|Win32
	EndGlobalSection
	GlobalSection(ProjectConfigurationPlatforms) = postSolution
		{C9F6F8DA-3136-4797-9DBF-516599E9181F}.Debug|Win32.ActiveCfg = Debug|Win32
		{C9F6F8DA-3136-4797-9DBF-516599E9181F}.Debug|Win32.Build.0 = Debug|Win32
		{C9F6F8DA-3136-4797-9DBF-516599E9181F}.Release|Win32.ActiveCfg = Release|Win32
		{C9F6F8DA-3136-4797-9DBF-516599E9181F}.Release|Win32.Build.0 = Release|Win32
	EndGlobalSection
	GlobalSection(SolutionProperties) = preSolution
		HideSolutionNode = FALSE
	EndGlobalSection
EndGlobal
